# This file is automatically @generated by Cargo.
# It is not intended for manual editing.
version = 3

[[package]]
name = "hb"
version = "0.1.0"
dependencies = [
 "hb-formats",
 "hb-pod",
 "hb-world",
]

[[package]]
name = "hb-formats"
version = "0.1.0"
dependencies = [
 "hb-pod",
]

[[package]]
name = "hb-pod"
version = "0.1.0"

[[package]]
name = "hb-world"
version = "0.1.0"
dependencies = [
 "hb-formats",
]
